
Microsoft Visual Studio Solution File, Format Version 12.00
# Visual Studio Version 17
VisualStudioVersion = 17.5.33502.453
MinimumVisualStudioVersion = 10.0.40219.1
Project("{9A19103F-16F7-4668-BE54-9A1E7A4F7556}") = "Stempeleditor", "Stempeleditor.csproj", "{99B57153-92D6-4064-B74A-F10838545E60}"
EndProject
Project("{FAE04EC0-301F-11D3-BF4B-00C04F79EFBC}") = "Engine", "Engine\Engine.csproj", "{7A2B1343-2FF9-4D21-8517-4C6DAF4451CD}"
EndProject
Global
	GlobalSection(SolutionConfigurationPlatforms) = preSolution
		Debug|Any CPU = Debug|Any CPU
		Release|Any CPU = Release|Any CPU
	EndGlobalSection
	GlobalSection(ProjectConfigurationPlatforms) = postSolution
		{99B57153-92D6-4064-B74A-F10838545E60}.Debug|Any CPU.ActiveCfg = Debug|Any CPU
		{99B57153-92D6-4064-B74A-F10838545E60}.Debug|Any CPU.Build.0 = Debug|Any CPU
		{99B57153-92D6-4064-B74A-F10838545E60}.Release|Any CPU.ActiveCfg = Release|Any CPU
		{99B57153-92D6-4064-B74A-F10838545E60}.Release|Any CPU.Build.0 = Release|Any CPU
		{7A2B1343-2FF9-4D21-8517-4C6DAF4451CD}.Debug|Any CPU.ActiveCfg = Debug|Any CPU
		{7A2B1343-2FF9-4D21-8517-4C6DAF4451CD}.Debug|Any CPU.Build.0 = Debug|Any CPU
		{7A2B1343-2FF9-4D21-8517-4C6DAF4451CD}.Release|Any CPU.ActiveCfg = Release|Any CPU
		{7A2B1343-2FF9-4D21-8517-4C6DAF4451CD}.Release|Any CPU.Build.0 = Release|Any CPU
	EndGlobalSection
	GlobalSection(SolutionProperties) = preSolution
		HideSolutionNode = FALSE
	EndGlobalSection
	GlobalSection(ExtensibilityGlobals) = postSolution
		SolutionGuid = {DA0169C5-3900-4C16-8634-0B4091D2FB5F}
	EndGlobalSection
EndGlobal
