
Microsoft Visual Studio Solution File, Format Version 12.00
# Visual Studio Version 17
VisualStudioVersion = 17.5.33502.453
MinimumVisualStudioVersion = 10.0.40219.1
Project("{9A19103F-16F7-4668-BE54-9A1E7A4F7556}") = "Stempeleditor", "Stempeleditor\Stempeleditor.csproj", "{99B57153-92D6-4064-B74A-F10838545E60}"
	ProjectSection(ProjectDependencies) = postProject
		{7A2B1343-2FF9-4D21-8517-4C6DAF4451CD} = {7A2B1343-2FF9-4D21-8517-4C6DAF4451CD}
	EndProjectSection
EndProject
Project("{9A19103F-16F7-4668-BE54-9A1E7A4F7556}") = "Engine", "Engine\Engine.csproj", "{7A2B1343-2FF9-4D21-8517-4C6DAF4451CD}"
EndProject
Project("{9A19103F-16F7-4668-BE54-9A1E7A4F7556}") = "ViewModels", "ViewModels\ViewModels.csproj", "{5DB8EDAE-F685-4C6D-987A-052F70F69046}"
EndProject
Project("{9A19103F-16F7-4668-BE54-9A1E7A4F7556}") = "Views", "Views\Views.csproj", "{275ED3D2-660D-45A7-9278-AE81E28694F2}"
EndProject
Project("{9A19103F-16F7-4668-BE54-9A1E7A4F7556}") = "Models", "Models\Models.csproj", "{BB34DB03-4AB7-44C4-83C1-03C6290AFCCF}"
EndProject
Project("{9A19103F-16F7-4668-BE54-9A1E7A4F7556}") = "ViewModelsInterfaces", "ViewModelsInterfaces\ViewModelsInterfaces.csproj", "{A143E471-AD1A-4315-AEC5-8DB796F2AF86}"
EndProject
Project("{2150E333-8FDC-42A3-9474-1A3956D46DE8}") = "Klassendiagramm", "Klassendiagramm", "{B9656141-02CB-4F2F-A2C7-2C5506E53283}"
	ProjectSection(SolutionItems) = preProject
		Struktur\Klassendiagramm.drawio = Struktur\Klassendiagramm.drawio
		Struktur\Klassendiagramm.drawio.png = Struktur\Klassendiagramm.drawio.png
	EndProjectSection
EndProject
Global
	GlobalSection(SolutionConfigurationPlatforms) = preSolution
		Debug|Any CPU = Debug|Any CPU
		Release|Any CPU = Release|Any CPU
	EndGlobalSection
	GlobalSection(ProjectConfigurationPlatforms) = postSolution
		{99B57153-92D6-4064-B74A-F10838545E60}.Debug|Any CPU.ActiveCfg = Debug|Any CPU
		{99B57153-92D6-4064-B74A-F10838545E60}.Debug|Any CPU.Build.0 = Debug|Any CPU
		{99B57153-92D6-4064-B74A-F10838545E60}.Release|Any CPU.ActiveCfg = Release|Any CPU
		{99B57153-92D6-4064-B74A-F10838545E60}.Release|Any CPU.Build.0 = Release|Any CPU
		{7A2B1343-2FF9-4D21-8517-4C6DAF4451CD}.Debug|Any CPU.ActiveCfg = Debug|Any CPU
		{7A2B1343-2FF9-4D21-8517-4C6DAF4451CD}.Debug|Any CPU.Build.0 = Debug|Any CPU
		{7A2B1343-2FF9-4D21-8517-4C6DAF4451CD}.Release|Any CPU.ActiveCfg = Release|Any CPU
		{7A2B1343-2FF9-4D21-8517-4C6DAF4451CD}.Release|Any CPU.Build.0 = Release|Any CPU
		{5DB8EDAE-F685-4C6D-987A-052F70F69046}.Debug|Any CPU.ActiveCfg = Debug|Any CPU
		{5DB8EDAE-F685-4C6D-987A-052F70F69046}.Debug|Any CPU.Build.0 = Debug|Any CPU
		{5DB8EDAE-F685-4C6D-987A-052F70F69046}.Release|Any CPU.ActiveCfg = Release|Any CPU
		{5DB8EDAE-F685-4C6D-987A-052F70F69046}.Release|Any CPU.Build.0 = Release|Any CPU
		{275ED3D2-660D-45A7-9278-AE81E28694F2}.Debug|Any CPU.ActiveCfg = Debug|Any CPU
		{275ED3D2-660D-45A7-9278-AE81E28694F2}.Debug|Any CPU.Build.0 = Debug|Any CPU
		{275ED3D2-660D-45A7-9278-AE81E28694F2}.Release|Any CPU.ActiveCfg = Release|Any CPU
		{275ED3D2-660D-45A7-9278-AE81E28694F2}.Release|Any CPU.Build.0 = Release|Any CPU
		{BB34DB03-4AB7-44C4-83C1-03C6290AFCCF}.Debug|Any CPU.ActiveCfg = Debug|Any CPU
		{BB34DB03-4AB7-44C4-83C1-03C6290AFCCF}.Debug|Any CPU.Build.0 = Debug|Any CPU
		{BB34DB03-4AB7-44C4-83C1-03C6290AFCCF}.Release|Any CPU.ActiveCfg = Release|Any CPU
		{BB34DB03-4AB7-44C4-83C1-03C6290AFCCF}.Release|Any CPU.Build.0 = Release|Any CPU
		{A143E471-AD1A-4315-AEC5-8DB796F2AF86}.Debug|Any CPU.ActiveCfg = Debug|Any CPU
		{A143E471-AD1A-4315-AEC5-8DB796F2AF86}.Debug|Any CPU.Build.0 = Debug|Any CPU
		{A143E471-AD1A-4315-AEC5-8DB796F2AF86}.Release|Any CPU.ActiveCfg = Release|Any CPU
		{A143E471-AD1A-4315-AEC5-8DB796F2AF86}.Release|Any CPU.Build.0 = Release|Any CPU
	EndGlobalSection
	GlobalSection(SolutionProperties) = preSolution
		HideSolutionNode = FALSE
	EndGlobalSection
	GlobalSection(ExtensibilityGlobals) = postSolution
		SolutionGuid = {DA0169C5-3900-4C16-8634-0B4091D2FB5F}
	EndGlobalSection
EndGlobal
